
Microsoft Visual Studio Solution File, Format Version 12.00
# Visual Studio Version 16
VisualStudioVersion = 16.0.30011.22
MinimumVisualStudioVersion = 10.0.40219.1
Project("{FAE04EC0-301F-11D3-BF4B-00C04F79EFBC}") = "userpass", "userpass\userpass.csproj", "{C1060FD8-3A15-4488-A144-623C704D6AA7}"
EndProject
Global
	GlobalSection(SolutionConfigurationPlatforms) = preSolution
		Debug|Any CPU = Debug|Any CPU
		Release|Any CPU = Release|Any CPU
	EndGlobalSection
	GlobalSection(ProjectConfigurationPlatforms) = postSolution
		{C1060FD8-3A15-4488-A144-623C704D6AA7}.Debug|Any CPU.ActiveCfg = Debug|Any CPU
		{C1060FD8-3A15-4488-A144-623C704D6AA7}.Debug|Any CPU.Build.0 = Debug|Any CPU
		{C1060FD8-3A15-4488-A144-623C704D6AA7}.Release|Any CPU.ActiveCfg = Release|Any CPU
		{C1060FD8-3A15-4488-A144-623C704D6AA7}.Release|Any CPU.Build.0 = Release|Any CPU
	EndGlobalSection
	GlobalSection(SolutionProperties) = preSolution
		HideSolutionNode = FALSE
	EndGlobalSection
	GlobalSection(ExtensibilityGlobals) = postSolution
		SolutionGuid = {02874F3A-F0A4-489F-BC27-1E935866635E}
	EndGlobalSection
EndGlobal
